
Microsoft Visual Studio Solution File, Format Version 12.00
# Visual Studio 15
VisualStudioVersion = 15.0.28010.2050
MinimumVisualStudioVersion = 10.0.40219.1
Project("{FAE04EC0-301F-11D3-BF4B-00C04F79EFBC}") = "SDETApiTest", "SDETApiTest\SDETApiTest.csproj", "{7B82F48F-4D32-468F-B7F2-CD97FD5B28EB}"
EndProject
Global
	GlobalSection(SolutionConfigurationPlatforms) = preSolution
		Debug|Any CPU = Debug|Any CPU
		Release|Any CPU = Release|Any CPU
	EndGlobalSection
	GlobalSection(ProjectConfigurationPlatforms) = postSolution
		{7B82F48F-4D32-468F-B7F2-CD97FD5B28EB}.Debug|Any CPU.ActiveCfg = Debug|Any CPU
		{7B82F48F-4D32-468F-B7F2-CD97FD5B28EB}.Debug|Any CPU.Build.0 = Debug|Any CPU
		{7B82F48F-4D32-468F-B7F2-CD97FD5B28EB}.Release|Any CPU.ActiveCfg = Release|Any CPU
		{7B82F48F-4D32-468F-B7F2-CD97FD5B28EB}.Release|Any CPU.Build.0 = Release|Any CPU
	EndGlobalSection
	GlobalSection(SolutionProperties) = preSolution
		HideSolutionNode = FALSE
	EndGlobalSection
	GlobalSection(ExtensibilityGlobals) = postSolution
		SolutionGuid = {D46003AA-88F0-416A-8274-84372D824DB5}
	EndGlobalSection
EndGlobal
